// !$*UTF8*$!
{
	archiveVersion = 1;
	classes = {
	};
	objectVersion = 46;
	objects = {

/* Begin PBXBuildFile section */
		D91C701F1E29FE1A00D56906 /* Aspects.m in Sources */ = {isa = PBXBuildFile; fileRef = D91C70091E29FE1A00D56906 /* Aspects.m */; };
		D91C70201E29FE1A00D56906 /* YLAssitManager.m in Sources */ = {isa = PBXBuildFile; fileRef = D91C700C1E29FE1A00D56906 /* YLAssitManager.m */; };
		D91C70211E29FE1A00D56906 /* YLCoordinatesViewController.m in Sources */ = {isa = PBXBuildFile; fileRef = D91C700E1E29FE1A00D56906 /* YLCoordinatesViewController.m */; };
		D91C70221E29FE1A00D56906 /* YLExplorerToolBar.m in Sources */ = {isa = PBXBuildFile; fileRef = D91C70101E29FE1A00D56906 /* YLExplorerToolBar.m */; };
		D91C70231E29FE1A00D56906 /* YLExplorerViewController.m in Sources */ = {isa = PBXBuildFile; fileRef = D91C70121E29FE1A00D56906 /* YLExplorerViewController.m */; };
		D91C70241E29FE1A00D56906 /* YLGlobalViewController.m in Sources */ = {isa = PBXBuildFile; fileRef = D91C70141E29FE1A00D56906 /* YLGlobalViewController.m */; };
		D91C70251E29FE1A00D56906 /* YLHongBaoViewController.m in Sources */ = {isa = PBXBuildFile; fileRef = D91C70161E29FE1A00D56906 /* YLHongBaoViewController.m */; };
		D91C70261E29FE1A00D56906 /* YLShareViewController.m in Sources */ = {isa = PBXBuildFile; fileRef = D91C70181E29FE1A00D56906 /* YLShareViewController.m */; };
		D91C70271E29FE1A00D56906 /* YLSwitchTableViewCell.m in Sources */ = {isa = PBXBuildFile; fileRef = D91C701A1E29FE1A00D56906 /* YLSwitchTableViewCell.m */; };
		D91C70281E29FE1A00D56906 /* YLUtility.m in Sources */ = {isa = PBXBuildFile; fileRef = D91C701C1E29FE1A00D56906 /* YLUtility.m */; };
		D91C70291E29FE1A00D56906 /* YLWindow.m in Sources */ = {isa = PBXBuildFile; fileRef = D91C701E1E29FE1A00D56906 /* YLWindow.m */; };
		D91C702A1E29FE8900D56906 /* libTestTweak.a in Frameworks */ = {isa = PBXBuildFile; fileRef = 098DA9A51D658511008608A7 /* libTestTweak.a */; };
		D92DB94A1E27C8D7009F63EC /* main.m in Sources */ = {isa = PBXBuildFile; fileRef = D92DB9491E27C8D7009F63EC /* main.m */; };
		D92DB94D1E27C8D7009F63EC /* AppDelegate.m in Sources */ = {isa = PBXBuildFile; fileRef = D92DB94C1E27C8D7009F63EC /* AppDelegate.m */; };
		D92DB9501E27C8D7009F63EC /* ViewController.m in Sources */ = {isa = PBXBuildFile; fileRef = D92DB94F1E27C8D7009F63EC /* ViewController.m */; };
		D92DB9531E27C8D7009F63EC /* Main.storyboard in Resources */ = {isa = PBXBuildFile; fileRef = D92DB9511E27C8D7009F63EC /* Main.storyboard */; };
		D92DB9551E27C8D7009F63EC /* Assets.xcassets in Resources */ = {isa = PBXBuildFile; fileRef = D92DB9541E27C8D7009F63EC /* Assets.xcassets */; };
		D92DB9581E27C8D7009F63EC /* LaunchScreen.storyboard in Resources */ = {isa = PBXBuildFile; fileRef = D92DB9561E27C8D7009F63EC /* LaunchScreen.storyboard */; };
/* End PBXBuildFile section */

/* Begin PBXCopyFilesBuildPhase section */
		098DA9A31D658511008608A7 /* CopyFiles */ = {
			isa = PBXCopyFilesBuildPhase;
			buildActionMask = 2147483647;
			dstPath = "include/$(PRODUCT_NAME)";
			dstSubfolderSpec = 16;
			files = (
			);
			runOnlyForDeploymentPostprocessing = 0;
		};
/* End PBXCopyFilesBuildPhase section */

/* Begin PBXFileReference section */
		098DA9A51D658511008608A7 /* libTestTweak.a */ = {isa = PBXFileReference; explicitFileType = archive.ar; includeInIndex = 0; path = libTestTweak.a; sourceTree = BUILT_PRODUCTS_DIR; };
		D91C70081E29FE1A00D56906 /* Aspects.h */ = {isa = PBXFileReference; fileEncoding = 4; lastKnownFileType = sourcecode.c.h; path = Aspects.h; sourceTree = "<group>"; };
		D91C70091E29FE1A00D56906 /* Aspects.m */ = {isa = PBXFileReference; fileEncoding = 4; lastKnownFileType = sourcecode.c.objc; path = Aspects.m; sourceTree = "<group>"; };
		D91C700A1E29FE1A00D56906 /* WeChatRedEnvelop.h */ = {isa = PBXFileReference; fileEncoding = 4; lastKnownFileType = sourcecode.c.h; path = WeChatRedEnvelop.h; sourceTree = "<group>"; };
		D91C700B1E29FE1A00D56906 /* YLAssitManager.h */ = {isa = PBXFileReference; fileEncoding = 4; lastKnownFileType = sourcecode.c.h; path = YLAssitManager.h; sourceTree = "<group>"; };
		D91C700C1E29FE1A00D56906 /* YLAssitManager.m */ = {isa = PBXFileReference; fileEncoding = 4; lastKnownFileType = sourcecode.c.objc; path = YLAssitManager.m; sourceTree = "<group>"; };
		D91C700D1E29FE1A00D56906 /* YLCoordinatesViewController.h */ = {isa = PBXFileReference; fileEncoding = 4; lastKnownFileType = sourcecode.c.h; path = YLCoordinatesViewController.h; sourceTree = "<group>"; };
		D91C700E1E29FE1A00D56906 /* YLCoordinatesViewController.m */ = {isa = PBXFileReference; fileEncoding = 4; lastKnownFileType = sourcecode.c.objc; path = YLCoordinatesViewController.m; sourceTree = "<group>"; };
		D91C700F1E29FE1A00D56906 /* YLExplorerToolBar.h */ = {isa = PBXFileReference; fileEncoding = 4; lastKnownFileType = sourcecode.c.h; path = YLExplorerToolBar.h; sourceTree = "<group>"; };
		D91C70101E29FE1A00D56906 /* YLExplorerToolBar.m */ = {isa = PBXFileReference; fileEncoding = 4; lastKnownFileType = sourcecode.c.objc; path = YLExplorerToolBar.m; sourceTree = "<group>"; };
		D91C70111E29FE1A00D56906 /* YLExplorerViewController.h */ = {isa = PBXFileReference; fileEncoding = 4; lastKnownFileType = sourcecode.c.h; path = YLExplorerViewController.h; sourceTree = "<group>"; };
		D91C70121E29FE1A00D56906 /* YLExplorerViewController.m */ = {isa = PBXFileReference; fileEncoding = 4; lastKnownFileType = sourcecode.c.objc; path = YLExplorerViewController.m; sourceTree = "<group>"; };
		D91C70131E29FE1A00D56906 /* YLGlobalViewController.h */ = {isa = PBXFileReference; fileEncoding = 4; lastKnownFileType = sourcecode.c.h; path = YLGlobalViewController.h; sourceTree = "<group>"; };
		D91C70141E29FE1A00D56906 /* YLGlobalViewController.m */ = {isa = PBXFileReference; fileEncoding = 4; lastKnownFileType = sourcecode.c.objc; path = YLGlobalViewController.m; sourceTree = "<group>"; };
		D91C70151E29FE1A00D56906 /* YLHongBaoViewController.h */ = {isa = PBXFileReference; fileEncoding = 4; lastKnownFileType = sourcecode.c.h; path = YLHongBaoViewController.h; sourceTree = "<group>"; };
		D91C70161E29FE1A00D56906 /* YLHongBaoViewController.m */ = {isa = PBXFileReference; fileEncoding = 4; lastKnownFileType = sourcecode.c.objc; path = YLHongBaoViewController.m; sourceTree = "<group>"; };
		D91C70171E29FE1A00D56906 /* YLShareViewController.h */ = {isa = PBXFileReference; fileEncoding = 4; lastKnownFileType = sourcecode.c.h; path = YLShareViewController.h; sourceTree = "<group>"; };
		D91C70181E29FE1A00D56906 /* YLShareViewController.m */ = {isa = PBXFileReference; fileEncoding = 4; lastKnownFileType = sourcecode.c.objc; path = YLShareViewController.m; sourceTree = "<group>"; };
		D91C70191E29FE1A00D56906 /* YLSwitchTableViewCell.h */ = {isa = PBXFileReference; fileEncoding = 4; lastKnownFileType = sourcecode.c.h; path = YLSwitchTableViewCell.h; sourceTree = "<group>"; };
		D91C701A1E29FE1A00D56906 /* YLSwitchTableViewCell.m */ = {isa = PBXFileReference; fileEncoding = 4; lastKnownFileType = sourcecode.c.objc; path = YLSwitchTableViewCell.m; sourceTree = "<group>"; };
		D91C701B1E29FE1A00D56906 /* YLUtility.h */ = {isa = PBXFileReference; fileEncoding = 4; lastKnownFileType = sourcecode.c.h; path = YLUtility.h; sourceTree = "<group>"; };
		D91C701C1E29FE1A00D56906 /* YLUtility.m */ = {isa = PBXFileReference; fileEncoding = 4; lastKnownFileType = sourcecode.c.objc; path = YLUtility.m; sourceTree = "<group>"; };
		D91C701D1E29FE1A00D56906 /* YLWindow.h */ = {isa = PBXFileReference; fileEncoding = 4; lastKnownFileType = sourcecode.c.h; path = YLWindow.h; sourceTree = "<group>"; };
		D91C701E1E29FE1A00D56906 /* YLWindow.m */ = {isa = PBXFileReference; fileEncoding = 4; lastKnownFileType = sourcecode.c.objc; path = YLWindow.m; sourceTree = "<group>"; };
		D92DB9461E27C8D7009F63EC /* HDUIDemo.app */ = {isa = PBXFileReference; explicitFileType = wrapper.application; includeInIndex = 0; path = HDUIDemo.app; sourceTree = BUILT_PRODUCTS_DIR; };
		D92DB9491E27C8D7009F63EC /* main.m */ = {isa = PBXFileReference; lastKnownFileType = sourcecode.c.objc; path = main.m; sourceTree = "<group>"; };
		D92DB94B1E27C8D7009F63EC /* AppDelegate.h */ = {isa = PBXFileReference; lastKnownFileType = sourcecode.c.h; path = AppDelegate.h; sourceTree = "<group>"; };
		D92DB94C1E27C8D7009F63EC /* AppDelegate.m */ = {isa = PBXFileReference; lastKnownFileType = sourcecode.c.objc; path = AppDelegate.m; sourceTree = "<group>"; };
		D92DB94E1E27C8D7009F63EC /* ViewController.h */ = {isa = PBXFileReference; lastKnownFileType = sourcecode.c.h; path = ViewController.h; sourceTree = "<group>"; };
		D92DB94F1E27C8D7009F63EC /* ViewController.m */ = {isa = PBXFileReference; lastKnownFileType = sourcecode.c.objc; path = ViewController.m; sourceTree = "<group>"; };
		D92DB9521E27C8D7009F63EC /* Base */ = {isa = PBXFileReference; lastKnownFileType = file.storyboard; name = Base; path = Base.lproj/Main.storyboard; sourceTree = "<group>"; };
		D92DB9541E27C8D7009F63EC /* Assets.xcassets */ = {isa = PBXFileReference; lastKnownFileType = folder.assetcatalog; path = Assets.xcassets; sourceTree = "<group>"; };
		D92DB9571E27C8D7009F63EC /* Base */ = {isa = PBXFileReference; lastKnownFileType = file.storyboard; name = Base; path = Base.lproj/LaunchScreen.storyboard; sourceTree = "<group>"; };
		D92DB9591E27C8D7009F63EC /* Info.plist */ = {isa = PBXFileReference; lastKnownFileType = text.plist.xml; path = Info.plist; sourceTree = "<group>"; };
/* End PBXFileReference section */

/* Begin PBXFrameworksBuildPhase section */
		098DA9A21D658511008608A7 /* Frameworks */ = {
			isa = PBXFrameworksBuildPhase;
			buildActionMask = 2147483647;
			files = (
			);
			runOnlyForDeploymentPostprocessing = 0;
		};
		D92DB9431E27C8D7009F63EC /* Frameworks */ = {
			isa = PBXFrameworksBuildPhase;
			buildActionMask = 2147483647;
			files = (
				D91C702A1E29FE8900D56906 /* libTestTweak.a in Frameworks */,
			);
			runOnlyForDeploymentPostprocessing = 0;
		};
/* End PBXFrameworksBuildPhase section */

/* Begin PBXGroup section */
		098DA99C1D658511008608A7 = {
			isa = PBXGroup;
			children = (
				098DA9A71D658511008608A7 /* TestTweak */,
				D92DB9471E27C8D7009F63EC /* HDUIDemo */,
				098DA9A61D658511008608A7 /* Products */,
			);
			sourceTree = "<group>";
		};
		098DA9A61D658511008608A7 /* Products */ = {
			isa = PBXGroup;
			children = (
				098DA9A51D658511008608A7 /* libTestTweak.a */,
				D92DB9461E27C8D7009F63EC /* HDUIDemo.app */,
			);
			name = Products;
			sourceTree = "<group>";
		};
		098DA9A71D658511008608A7 /* TestTweak */ = {
			isa = PBXGroup;
			children = (
				09CCF6381D6708A300BEF18D /* WeChatAssistant */,
			);
			path = TestTweak;
			sourceTree = "<group>";
		};
		09CCF6381D6708A300BEF18D /* WeChatAssistant */ = {
			isa = PBXGroup;
			children = (
				D91C70081E29FE1A00D56906 /* Aspects.h */,
				D91C70091E29FE1A00D56906 /* Aspects.m */,
				D91C700A1E29FE1A00D56906 /* WeChatRedEnvelop.h */,
				D91C700B1E29FE1A00D56906 /* YLAssitManager.h */,
				D91C700C1E29FE1A00D56906 /* YLAssitManager.m */,
				D91C700D1E29FE1A00D56906 /* YLCoordinatesViewController.h */,
				D91C700E1E29FE1A00D56906 /* YLCoordinatesViewController.m */,
				D91C700F1E29FE1A00D56906 /* YLExplorerToolBar.h */,
				D91C70101E29FE1A00D56906 /* YLExplorerToolBar.m */,
				D91C70111E29FE1A00D56906 /* YLExplorerViewController.h */,
				D91C70121E29FE1A00D56906 /* YLExplorerViewController.m */,
				D91C70131E29FE1A00D56906 /* YLGlobalViewController.h */,
				D91C70141E29FE1A00D56906 /* YLGlobalViewController.m */,
				D91C70151E29FE1A00D56906 /* YLHongBaoViewController.h */,
				D91C70161E29FE1A00D56906 /* YLHongBaoViewController.m */,
				D91C70171E29FE1A00D56906 /* YLShareViewController.h */,
				D91C70181E29FE1A00D56906 /* YLShareViewController.m */,
				D91C70191E29FE1A00D56906 /* YLSwitchTableViewCell.h */,
				D91C701A1E29FE1A00D56906 /* YLSwitchTableViewCell.m */,
				D91C701B1E29FE1A00D56906 /* YLUtility.h */,
				D91C701C1E29FE1A00D56906 /* YLUtility.m */,
				D91C701D1E29FE1A00D56906 /* YLWindow.h */,
				D91C701E1E29FE1A00D56906 /* YLWindow.m */,
			);
			path = WeChatAssistant;
			sourceTree = "<group>";
		};
		D92DB9471E27C8D7009F63EC /* HDUIDemo */ = {
			isa = PBXGroup;
			children = (
				D92DB94B1E27C8D7009F63EC /* AppDelegate.h */,
				D92DB94C1E27C8D7009F63EC /* AppDelegate.m */,
				D92DB94E1E27C8D7009F63EC /* ViewController.h */,
				D92DB94F1E27C8D7009F63EC /* ViewController.m */,
				D92DB9511E27C8D7009F63EC /* Main.storyboard */,
				D92DB9541E27C8D7009F63EC /* Assets.xcassets */,
				D92DB9561E27C8D7009F63EC /* LaunchScreen.storyboard */,
				D92DB9591E27C8D7009F63EC /* Info.plist */,
				D92DB9481E27C8D7009F63EC /* Supporting Files */,
			);
			path = HDUIDemo;
			sourceTree = "<group>";
		};
		D92DB9481E27C8D7009F63EC /* Supporting Files */ = {
			isa = PBXGroup;
			children = (
				D92DB9491E27C8D7009F63EC /* main.m */,
			);
			name = "Supporting Files";
			sourceTree = "<group>";
		};
/* End PBXGroup section */

/* Begin PBXNativeTarget section */
		098DA9A41D658511008608A7 /* TestTweak */ = {
			isa = PBXNativeTarget;
			buildConfigurationList = 098DA9AE1D658511008608A7 /* Build configuration list for PBXNativeTarget "TestTweak" */;
			buildPhases = (
				098DA9A11D658511008608A7 /* Sources */,
				098DA9A21D658511008608A7 /* Frameworks */,
				098DA9A31D658511008608A7 /* CopyFiles */,
			);
			buildRules = (
			);
			dependencies = (
			);
			name = TestTweak;
			productName = TestTweak;
			productReference = 098DA9A51D658511008608A7 /* libTestTweak.a */;
			productType = "com.apple.product-type.library.static";
		};
		D92DB9451E27C8D7009F63EC /* HDUIDemo */ = {
			isa = PBXNativeTarget;
			buildConfigurationList = D92DB95C1E27C8D7009F63EC /* Build configuration list for PBXNativeTarget "HDUIDemo" */;
			buildPhases = (
				D92DB9421E27C8D7009F63EC /* Sources */,
				D92DB9431E27C8D7009F63EC /* Frameworks */,
				D92DB9441E27C8D7009F63EC /* Resources */,
			);
			buildRules = (
			);
			dependencies = (
			);
			name = HDUIDemo;
			productName = HDUIDemo;
			productReference = D92DB9461E27C8D7009F63EC /* HDUIDemo.app */;
			productType = "com.apple.product-type.application";
		};
/* End PBXNativeTarget section */

/* Begin PBXProject section */
		098DA99D1D658511008608A7 /* Project object */ = {
			isa = PBXProject;
			attributes = {
				LastUpgradeCheck = 0730;
				ORGANIZATIONNAME = yohunl;
				TargetAttributes = {
					098DA9A41D658511008608A7 = {
						CreatedOnToolsVersion = 7.3.1;
					};
					D92DB9451E27C8D7009F63EC = {
						CreatedOnToolsVersion = 8.2;
						ProvisioningStyle = Automatic;
					};
				};
			};
			buildConfigurationList = 098DA9A01D658511008608A7 /* Build configuration list for PBXProject "TestTweak" */;
			compatibilityVersion = "Xcode 3.2";
			developmentRegion = English;
			hasScannedForEncodings = 0;
			knownRegions = (
				en,
				Base,
			);
			mainGroup = 098DA99C1D658511008608A7;
			productRefGroup = 098DA9A61D658511008608A7 /* Products */;
			projectDirPath = "";
			projectRoot = "";
			targets = (
				098DA9A41D658511008608A7 /* TestTweak */,
				D92DB9451E27C8D7009F63EC /* HDUIDemo */,
			);
		};
/* End PBXProject section */

/* Begin PBXResourcesBuildPhase section */
		D92DB9441E27C8D7009F63EC /* Resources */ = {
			isa = PBXResourcesBuildPhase;
			buildActionMask = 2147483647;
			files = (
				D92DB9581E27C8D7009F63EC /* LaunchScreen.storyboard in Resources */,
				D92DB9551E27C8D7009F63EC /* Assets.xcassets in Resources */,
				D92DB9531E27C8D7009F63EC /* Main.storyboard in Resources */,
			);
			runOnlyForDeploymentPostprocessing = 0;
		};
/* End PBXResourcesBuildPhase section */

/* Begin PBXSourcesBuildPhase section */
		098DA9A11D658511008608A7 /* Sources */ = {
			isa = PBXSourcesBuildPhase;
			buildActionMask = 2147483647;
			files = (
				D91C701F1E29FE1A00D56906 /* Aspects.m in Sources */,
				D91C70281E29FE1A00D56906 /* YLUtility.m in Sources */,
				D91C70291E29FE1A00D56906 /* YLWindow.m in Sources */,
				D91C70271E29FE1A00D56906 /* YLSwitchTableViewCell.m in Sources */,
				D91C70261E29FE1A00D56906 /* YLShareViewController.m in Sources */,
				D91C70231E29FE1A00D56906 /* YLExplorerViewController.m in Sources */,
				D91C70251E29FE1A00D56906 /* YLHongBaoViewController.m in Sources */,
				D91C70201E29FE1A00D56906 /* YLAssitManager.m in Sources */,
				D91C70211E29FE1A00D56906 /* YLCoordinatesViewController.m in Sources */,
				D91C70241E29FE1A00D56906 /* YLGlobalViewController.m in Sources */,
				D91C70221E29FE1A00D56906 /* YLExplorerToolBar.m in Sources */,
			);
			runOnlyForDeploymentPostprocessing = 0;
		};
		D92DB9421E27C8D7009F63EC /* Sources */ = {
			isa = PBXSourcesBuildPhase;
			buildActionMask = 2147483647;
			files = (
				D92DB9501E27C8D7009F63EC /* ViewController.m in Sources */,
				D92DB94D1E27C8D7009F63EC /* AppDelegate.m in Sources */,
				D92DB94A1E27C8D7009F63EC /* main.m in Sources */,
			);
			runOnlyForDeploymentPostprocessing = 0;
		};
/* End PBXSourcesBuildPhase section */

/* Begin PBXVariantGroup section */
		D92DB9511E27C8D7009F63EC /* Main.storyboard */ = {
			isa = PBXVariantGroup;
			children = (
				D92DB9521E27C8D7009F63EC /* Base */,
			);
			name = Main.storyboard;
			sourceTree = "<group>";
		};
		D92DB9561E27C8D7009F63EC /* LaunchScreen.storyboard */ = {
			isa = PBXVariantGroup;
			children = (
				D92DB9571E27C8D7009F63EC /* Base */,
			);
			name = LaunchScreen.storyboard;
			sourceTree = "<group>";
		};
/* End PBXVariantGroup section */

/* Begin XCBuildConfiguration section */
		098DA9AC1D658511008608A7 /* Debug */ = {
			isa = XCBuildConfiguration;
			buildSettings = {
				ALWAYS_SEARCH_USER_PATHS = NO;
				CLANG_ANALYZER_NONNULL = YES;
				CLANG_CXX_LANGUAGE_STANDARD = "gnu++0x";
				CLANG_CXX_LIBRARY = "libc++";
				CLANG_ENABLE_MODULES = YES;
				CLANG_ENABLE_OBJC_ARC = YES;
				CLANG_WARN_BOOL_CONVERSION = YES;
				CLANG_WARN_CONSTANT_CONVERSION = YES;
				CLANG_WARN_DIRECT_OBJC_ISA_USAGE = YES_ERROR;
				CLANG_WARN_EMPTY_BODY = YES;
				CLANG_WARN_ENUM_CONVERSION = YES;
				CLANG_WARN_INT_CONVERSION = YES;
				CLANG_WARN_OBJC_ROOT_CLASS = YES_ERROR;
				CLANG_WARN_UNREACHABLE_CODE = YES;
				CLANG_WARN__DUPLICATE_METHOD_MATCH = YES;
				"CODE_SIGN_IDENTITY[sdk=iphoneos*]" = "iPhone Developer";
				COPY_PHASE_STRIP = NO;
				DEBUG_INFORMATION_FORMAT = dwarf;
				ENABLE_STRICT_OBJC_MSGSEND = YES;
				ENABLE_TESTABILITY = YES;
				GCC_C_LANGUAGE_STANDARD = gnu99;
				GCC_DYNAMIC_NO_PIC = NO;
				GCC_NO_COMMON_BLOCKS = YES;
				GCC_OPTIMIZATION_LEVEL = 0;
				GCC_PREPROCESSOR_DEFINITIONS = (
					"DEBUG=1",
					"$(inherited)",
				);
				GCC_WARN_64_TO_32_BIT_CONVERSION = YES;
				GCC_WARN_ABOUT_RETURN_TYPE = YES_ERROR;
				GCC_WARN_UNDECLARED_SELECTOR = YES;
				GCC_WARN_UNINITIALIZED_AUTOS = YES_AGGRESSIVE;
				GCC_WARN_UNUSED_FUNCTION = YES;
				GCC_WARN_UNUSED_VARIABLE = YES;
				IPHONEOS_DEPLOYMENT_TARGET = 9.3;
				MTL_ENABLE_DEBUG_INFO = YES;
				ONLY_ACTIVE_ARCH = YES;
				SDKROOT = iphoneos;
			};
			name = Debug;
		};
		098DA9AD1D658511008608A7 /* Release */ = {
			isa = XCBuildConfiguration;
			buildSettings = {
				ALWAYS_SEARCH_USER_PATHS = NO;
				CLANG_ANALYZER_NONNULL = YES;
				CLANG_CXX_LANGUAGE_STANDARD = "gnu++0x";
				CLANG_CXX_LIBRARY = "libc++";
				CLANG_ENABLE_MODULES = YES;
				CLANG_ENABLE_OBJC_ARC = YES;
				CLANG_WARN_BOOL_CONVERSION = YES;
				CLANG_WARN_CONSTANT_CONVERSION = YES;
				CLANG_WARN_DIRECT_OBJC_ISA_USAGE = YES_ERROR;
				CLANG_WARN_EMPTY_BODY = YES;
				CLANG_WARN_ENUM_CONVERSION = YES;
				CLANG_WARN_INT_CONVERSION = YES;
				CLANG_WARN_OBJC_ROOT_CLASS = YES_ERROR;
				CLANG_WARN_UNREACHABLE_CODE = YES;
				CLANG_WARN__DUPLICATE_METHOD_MATCH = YES;
				"CODE_SIGN_IDENTITY[sdk=iphoneos*]" = "iPhone Developer";
				COPY_PHASE_STRIP = NO;
				DEBUG_INFORMATION_FORMAT = "dwarf-with-dsym";
				ENABLE_NS_ASSERTIONS = NO;
				ENABLE_STRICT_OBJC_MSGSEND = YES;
				GCC_C_LANGUAGE_STANDARD = gnu99;
				GCC_NO_COMMON_BLOCKS = YES;
				GCC_WARN_64_TO_32_BIT_CONVERSION = YES;
				GCC_WARN_ABOUT_RETURN_TYPE = YES_ERROR;
				GCC_WARN_UNDECLARED_SELECTOR = YES;
				GCC_WARN_UNINITIALIZED_AUTOS = YES_AGGRESSIVE;
				GCC_WARN_UNUSED_FUNCTION = YES;
				GCC_WARN_UNUSED_VARIABLE = YES;
				IPHONEOS_DEPLOYMENT_TARGET = 9.3;
				MTL_ENABLE_DEBUG_INFO = NO;
				SDKROOT = iphoneos;
				VALIDATE_PRODUCT = YES;
			};
			name = Release;
		};
		098DA9AF1D658511008608A7 /* Debug */ = {
			isa = XCBuildConfiguration;
			buildSettings = {
				OTHER_LDFLAGS = "-ObjC";
				PRODUCT_NAME = "$(TARGET_NAME)";
				SKIP_INSTALL = YES;
			};
			name = Debug;
		};
		098DA9B01D658511008608A7 /* Release */ = {
			isa = XCBuildConfiguration;
			buildSettings = {
				OTHER_LDFLAGS = "-ObjC";
				PRODUCT_NAME = "$(TARGET_NAME)";
				SKIP_INSTALL = YES;
			};
			name = Release;
		};
		D92DB95A1E27C8D7009F63EC /* Debug */ = {
			isa = XCBuildConfiguration;
			buildSettings = {
				ASSETCATALOG_COMPILER_APPICON_NAME = AppIcon;
				CLANG_WARN_DOCUMENTATION_COMMENTS = YES;
				CLANG_WARN_INFINITE_RECURSION = YES;
				CLANG_WARN_SUSPICIOUS_MOVE = YES;
				INFOPLIST_FILE = HDUIDemo/Info.plist;
				IPHONEOS_DEPLOYMENT_TARGET = 10.2;
				LD_RUNPATH_SEARCH_PATHS = "$(inherited) @executable_path/Frameworks";
				PRODUCT_BUNDLE_IDENTIFIER = com.harry.HDUIDemo;
				PRODUCT_NAME = "$(TARGET_NAME)";
			};
			name = Debug;
		};
		D92DB95B1E27C8D7009F63EC /* Release */ = {
			isa = XCBuildConfiguration;
			buildSettings = {
				ASSETCATALOG_COMPILER_APPICON_NAME = AppIcon;
				CLANG_WARN_DOCUMENTATION_COMMENTS = YES;
				CLANG_WARN_INFINITE_RECURSION = YES;
				CLANG_WARN_SUSPICIOUS_MOVE = YES;
				INFOPLIST_FILE = HDUIDemo/Info.plist;
				IPHONEOS_DEPLOYMENT_TARGET = 10.2;
				LD_RUNPATH_SEARCH_PATHS = "$(inherited) @executable_path/Frameworks";
				PRODUCT_BUNDLE_IDENTIFIER = com.harry.HDUIDemo;
				PRODUCT_NAME = "$(TARGET_NAME)";
			};
			name = Release;
		};
/* End XCBuildConfiguration section */

/* Begin XCConfigurationList section */
		098DA9A01D658511008608A7 /* Build configuration list for PBXProject "TestTweak" */ = {
			isa = XCConfigurationList;
			buildConfigurations = (
				098DA9AC1D658511008608A7 /* Debug */,
				098DA9AD1D658511008608A7 /* Release */,
			);
			defaultConfigurationIsVisible = 0;
			defaultConfigurationName = Release;
		};
		098DA9AE1D658511008608A7 /* Build configuration list for PBXNativeTarget "TestTweak" */ = {
			isa = XCConfigurationList;
			buildConfigurations = (
				098DA9AF1D658511008608A7 /* Debug */,
				098DA9B01D658511008608A7 /* Release */,
			);
			defaultConfigurationIsVisible = 0;
			defaultConfigurationName = Release;
		};
		D92DB95C1E27C8D7009F63EC /* Build configuration list for PBXNativeTarget "HDUIDemo" */ = {
			isa = XCConfigurationList;
			buildConfigurations = (
				D92DB95A1E27C8D7009F63EC /* Debug */,
				D92DB95B1E27C8D7009F63EC /* Release */,
			);
			defaultConfigurationIsVisible = 0;
			defaultConfigurationName = Release;
		};
/* End XCConfigurationList section */
	};
	rootObject = 098DA99D1D658511008608A7 /* Project object */;
}
